
Microsoft Visual Studio Solution File, Format Version 9.00
# Visual Studio 2005
Project("{8BC9CEB8-8B4A-11D0-8D11-00A0C91BC942}") = "edl", "edl\edl.vcproj", "{F55153E9-2CB9-4396-8F81-BCDFBC9B697B}"
EndProject
Global
	GlobalSection(SolutionConfigurationPlatforms) = preSolution
		Debug|Win32 = Debug|Win32
		ReleaseDynamicallyLinked|Win32 = ReleaseDynamicallyLinked|Win32
		ReleaseStaticallyLinked|Win32 = ReleaseStaticallyLinked|Win32
	EndGlobalSection
	GlobalSection(ProjectConfigurationPlatforms) = postSolution
		{F55153E9-2CB9-4396-8F81-BCDFBC9B697B}.Debug|Win32.ActiveCfg = Debug|Win32
		{F55153E9-2CB9-4396-8F81-BCDFBC9B697B}.Debug|Win32.Build.0 = Debug|Win32
		{F55153E9-2CB9-4396-8F81-BCDFBC9B697B}.ReleaseDynamicallyLinked|Win32.ActiveCfg = ReleaseDynamicallyLinked|Win32
		{F55153E9-2CB9-4396-8F81-BCDFBC9B697B}.ReleaseDynamicallyLinked|Win32.Build.0 = ReleaseDynamicallyLinked|Win32
		{F55153E9-2CB9-4396-8F81-BCDFBC9B697B}.ReleaseStaticallyLinked|Win32.ActiveCfg = ReleaseStaticallyLinked|Win32
		{F55153E9-2CB9-4396-8F81-BCDFBC9B697B}.ReleaseStaticallyLinked|Win32.Build.0 = ReleaseStaticallyLinked|Win32
	EndGlobalSection
	GlobalSection(SolutionProperties) = preSolution
		HideSolutionNode = FALSE
	EndGlobalSection
EndGlobal
